// !$*UTF8*$!
{
	archiveVersion = 1;
	classes = {
	};
	objectVersion = 48;
	objects = {

/* Begin PBXBuildFile section */
		46FA2C1E1FD2F3A100B13304 /* main.mm in Sources */ = {isa = PBXBuildFile; fileRef = 46FA2C1D1FD2F3A100B13304 /* main.mm */; };
		46FA2C271FD2F46A00B13304 /* PCM_Test_Demo.cpp in Sources */ = {isa = PBXBuildFile; fileRef = 46FA2C251FD2F46A00B13304 /* PCM_Test_Demo.cpp */; };
/* End PBXBuildFile section */

/* Begin PBXCopyFilesBuildPhase section */
		46FA2C181FD2F3A100B13304 /* CopyFiles */ = {
			isa = PBXCopyFilesBuildPhase;
			buildActionMask = 2147483647;
			dstPath = /usr/share/man/man1/;
			dstSubfolderSpec = 0;
			files = (
			);
			runOnlyForDeploymentPostprocessing = 1;
		};
/* End PBXCopyFilesBuildPhase section */

/* Begin PBXFileReference section */
		46FA2C1A1FD2F3A100B13304 /* PCM_Demo */ = {isa = PBXFileReference; explicitFileType = "compiled.mach-o.executable"; includeInIndex = 0; path = PCM_Demo; sourceTree = BUILT_PRODUCTS_DIR; };
		46FA2C1D1FD2F3A100B13304 /* main.mm */ = {isa = PBXFileReference; lastKnownFileType = sourcecode.cpp.objcpp; path = main.mm; sourceTree = "<group>"; };
		46FA2C251FD2F46A00B13304 /* PCM_Test_Demo.cpp */ = {isa = PBXFileReference; lastKnownFileType = sourcecode.cpp.cpp; path = PCM_Test_Demo.cpp; sourceTree = "<group>"; };
		46FA2C261FD2F46A00B13304 /* PCM_Test_Demo.hpp */ = {isa = PBXFileReference; lastKnownFileType = sourcecode.cpp.h; path = PCM_Test_Demo.hpp; sourceTree = "<group>"; };
		46FA2C281FD2F53500B13304 /* NocturneNo2inEflat_44.1k_s16le.pcm */ = {isa = PBXFileReference; lastKnownFileType = file; path = NocturneNo2inEflat_44.1k_s16le.pcm; sourceTree = "<group>"; };
		46FA2C291FD3AB7500B13304 /* drum.pcm */ = {isa = PBXFileReference; lastKnownFileType = file; path = drum.pcm; sourceTree = "<group>"; };
/* End PBXFileReference section */

/* Begin PBXFrameworksBuildPhase section */
		46FA2C171FD2F3A100B13304 /* Frameworks */ = {
			isa = PBXFrameworksBuildPhase;
			buildActionMask = 2147483647;
			files = (
			);
			runOnlyForDeploymentPostprocessing = 0;
		};
/* End PBXFrameworksBuildPhase section */

/* Begin PBXGroup section */
		46FA2C111FD2F3A100B13304 = {
			isa = PBXGroup;
			children = (
				46FA2C1C1FD2F3A100B13304 /* PCM_Demo */,
				46FA2C1B1FD2F3A100B13304 /* Products */,
			);
			sourceTree = "<group>";
		};
		46FA2C1B1FD2F3A100B13304 /* Products */ = {
			isa = PBXGroup;
			children = (
				46FA2C1A1FD2F3A100B13304 /* PCM_Demo */,
			);
			name = Products;
			sourceTree = "<group>";
		};
		46FA2C1C1FD2F3A100B13304 /* PCM_Demo */ = {
			isa = PBXGroup;
			children = (
				46FA2C241FD2F44B00B13304 /* sources */,
				46FA2C1D1FD2F3A100B13304 /* main.mm */,
				46FA2C251FD2F46A00B13304 /* PCM_Test_Demo.cpp */,
				46FA2C261FD2F46A00B13304 /* PCM_Test_Demo.hpp */,
			);
			path = PCM_Demo;
			sourceTree = "<group>";
		};
		46FA2C241FD2F44B00B13304 /* sources */ = {
			isa = PBXGroup;
			children = (
				46FA2C291FD3AB7500B13304 /* drum.pcm */,
				46FA2C281FD2F53500B13304 /* NocturneNo2inEflat_44.1k_s16le.pcm */,
			);
			path = sources;
			sourceTree = "<group>";
		};
/* End PBXGroup section */

/* Begin PBXNativeTarget section */
		46FA2C191FD2F3A100B13304 /* PCM_Demo */ = {
			isa = PBXNativeTarget;
			buildConfigurationList = 46FA2C211FD2F3A100B13304 /* Build configuration list for PBXNativeTarget "PCM_Demo" */;
			buildPhases = (
				46FA2C161FD2F3A100B13304 /* Sources */,
				46FA2C171FD2F3A100B13304 /* Frameworks */,
				46FA2C181FD2F3A100B13304 /* CopyFiles */,
			);
			buildRules = (
			);
			dependencies = (
			);
			name = PCM_Demo;
			productName = PCM_Demo;
			productReference = 46FA2C1A1FD2F3A100B13304 /* PCM_Demo */;
			productType = "com.apple.product-type.tool";
		};
/* End PBXNativeTarget section */

/* Begin PBXProject section */
		46FA2C121FD2F3A100B13304 /* Project object */ = {
			isa = PBXProject;
			attributes = {
				LastUpgradeCheck = 0900;
				ORGANIZATIONNAME = Hasbeenss;
				TargetAttributes = {
					46FA2C191FD2F3A100B13304 = {
						CreatedOnToolsVersion = 9.0;
						ProvisioningStyle = Automatic;
					};
				};
			};
			buildConfigurationList = 46FA2C151FD2F3A100B13304 /* Build configuration list for PBXProject "PCM_Demo" */;
			compatibilityVersion = "Xcode 8.0";
			developmentRegion = en;
			hasScannedForEncodings = 0;
			knownRegions = (
				en,
			);
			mainGroup = 46FA2C111FD2F3A100B13304;
			productRefGroup = 46FA2C1B1FD2F3A100B13304 /* Products */;
			projectDirPath = "";
			projectRoot = "";
			targets = (
				46FA2C191FD2F3A100B13304 /* PCM_Demo */,
			);
		};
/* End PBXProject section */

/* Begin PBXSourcesBuildPhase section */
		46FA2C161FD2F3A100B13304 /* Sources */ = {
			isa = PBXSourcesBuildPhase;
			buildActionMask = 2147483647;
			files = (
				46FA2C1E1FD2F3A100B13304 /* main.mm in Sources */,
				46FA2C271FD2F46A00B13304 /* PCM_Test_Demo.cpp in Sources */,
			);
			runOnlyForDeploymentPostprocessing = 0;
		};
/* End PBXSourcesBuildPhase section */

/* Begin XCBuildConfiguration section */
		46FA2C1F1FD2F3A100B13304 /* Debug */ = {
			isa = XCBuildConfiguration;
			buildSettings = {
				ALWAYS_SEARCH_USER_PATHS = NO;
				CLANG_ANALYZER_NONNULL = YES;
				CLANG_ANALYZER_NUMBER_OBJECT_CONVERSION = YES_AGGRESSIVE;
				CLANG_CXX_LANGUAGE_STANDARD = "gnu++14";
				CLANG_CXX_LIBRARY = "libc++";
				CLANG_ENABLE_MODULES = YES;
				CLANG_ENABLE_OBJC_ARC = YES;
				CLANG_WARN_BLOCK_CAPTURE_AUTORELEASING = YES;
				CLANG_WARN_BOOL_CONVERSION = YES;
				CLANG_WARN_COMMA = YES;
				CLANG_WARN_CONSTANT_CONVERSION = YES;
				CLANG_WARN_DIRECT_OBJC_ISA_USAGE = YES_ERROR;
				CLANG_WARN_DOCUMENTATION_COMMENTS = YES;
				CLANG_WARN_EMPTY_BODY = YES;
				CLANG_WARN_ENUM_CONVERSION = YES;
				CLANG_WARN_INFINITE_RECURSION = YES;
				CLANG_WARN_INT_CONVERSION = YES;
				CLANG_WARN_NON_LITERAL_NULL_CONVERSION = YES;
				CLANG_WARN_OBJC_LITERAL_CONVERSION = YES;
				CLANG_WARN_OBJC_ROOT_CLASS = YES_ERROR;
				CLANG_WARN_RANGE_LOOP_ANALYSIS = YES;
				CLANG_WARN_STRICT_PROTOTYPES = YES;
				CLANG_WARN_SUSPICIOUS_MOVE = YES;
				CLANG_WARN_UNGUARDED_AVAILABILITY = YES_AGGRESSIVE;
				CLANG_WARN_UNREACHABLE_CODE = YES;
				CLANG_WARN__DUPLICATE_METHOD_MATCH = YES;
				CODE_SIGN_IDENTITY = "-";
				COPY_PHASE_STRIP = NO;
				DEBUG_INFORMATION_FORMAT = dwarf;
				ENABLE_STRICT_OBJC_MSGSEND = YES;
				ENABLE_TESTABILITY = YES;
				GCC_C_LANGUAGE_STANDARD = gnu11;
				GCC_DYNAMIC_NO_PIC = NO;
				GCC_NO_COMMON_BLOCKS = YES;
				GCC_OPTIMIZATION_LEVEL = 0;
				GCC_PREPROCESSOR_DEFINITIONS = (
					"DEBUG=1",
					"$(inherited)",
				);
				GCC_WARN_64_TO_32_BIT_CONVERSION = YES;
				GCC_WARN_ABOUT_RETURN_TYPE = YES_ERROR;
				GCC_WARN_UNDECLARED_SELECTOR = YES;
				GCC_WARN_UNINITIALIZED_AUTOS = YES_AGGRESSIVE;
				GCC_WARN_UNUSED_FUNCTION = YES;
				GCC_WARN_UNUSED_VARIABLE = YES;
				MACOSX_DEPLOYMENT_TARGET = 10.12;
				MTL_ENABLE_DEBUG_INFO = YES;
				ONLY_ACTIVE_ARCH = YES;
				SDKROOT = macosx;
			};
			name = Debug;
		};
		46FA2C201FD2F3A100B13304 /* Release */ = {
			isa = XCBuildConfiguration;
			buildSettings = {
				ALWAYS_SEARCH_USER_PATHS = NO;
				CLANG_ANALYZER_NONNULL = YES;
				CLANG_ANALYZER_NUMBER_OBJECT_CONVERSION = YES_AGGRESSIVE;
				CLANG_CXX_LANGUAGE_STANDARD = "gnu++14";
				CLANG_CXX_LIBRARY = "libc++";
				CLANG_ENABLE_MODULES = YES;
				CLANG_ENABLE_OBJC_ARC = YES;
				CLANG_WARN_BLOCK_CAPTURE_AUTORELEASING = YES;
				CLANG_WARN_BOOL_CONVERSION = YES;
				CLANG_WARN_COMMA = YES;
				CLANG_WARN_CONSTANT_CONVERSION = YES;
				CLANG_WARN_DIRECT_OBJC_ISA_USAGE = YES_ERROR;
				CLANG_WARN_DOCUMENTATION_COMMENTS = YES;
				CLANG_WARN_EMPTY_BODY = YES;
				CLANG_WARN_ENUM_CONVERSION = YES;
				CLANG_WARN_INFINITE_RECURSION = YES;
				CLANG_WARN_INT_CONVERSION = YES;
				CLANG_WARN_NON_LITERAL_NULL_CONVERSION = YES;
				CLANG_WARN_OBJC_LITERAL_CONVERSION = YES;
				CLANG_WARN_OBJC_ROOT_CLASS = YES_ERROR;
				CLANG_WARN_RANGE_LOOP_ANALYSIS = YES;
				CLANG_WARN_STRICT_PROTOTYPES = YES;
				CLANG_WARN_SUSPICIOUS_MOVE = YES;
				CLANG_WARN_UNGUARDED_AVAILABILITY = YES_AGGRESSIVE;
				CLANG_WARN_UNREACHABLE_CODE = YES;
				CLANG_WARN__DUPLICATE_METHOD_MATCH = YES;
				CODE_SIGN_IDENTITY = "-";
				COPY_PHASE_STRIP = NO;
				DEBUG_INFORMATION_FORMAT = "dwarf-with-dsym";
				ENABLE_NS_ASSERTIONS = NO;
				ENABLE_STRICT_OBJC_MSGSEND = YES;
				GCC_C_LANGUAGE_STANDARD = gnu11;
				GCC_NO_COMMON_BLOCKS = YES;
				GCC_WARN_64_TO_32_BIT_CONVERSION = YES;
				GCC_WARN_ABOUT_RETURN_TYPE = YES_ERROR;
				GCC_WARN_UNDECLARED_SELECTOR = YES;
				GCC_WARN_UNINITIALIZED_AUTOS = YES_AGGRESSIVE;
				GCC_WARN_UNUSED_FUNCTION = YES;
				GCC_WARN_UNUSED_VARIABLE = YES;
				MACOSX_DEPLOYMENT_TARGET = 10.12;
				MTL_ENABLE_DEBUG_INFO = NO;
				SDKROOT = macosx;
			};
			name = Release;
		};
		46FA2C221FD2F3A100B13304 /* Debug */ = {
			isa = XCBuildConfiguration;
			buildSettings = {
				CODE_SIGN_STYLE = Automatic;
				PRODUCT_NAME = "$(TARGET_NAME)";
			};
			name = Debug;
		};
		46FA2C231FD2F3A100B13304 /* Release */ = {
			isa = XCBuildConfiguration;
			buildSettings = {
				CODE_SIGN_STYLE = Automatic;
				PRODUCT_NAME = "$(TARGET_NAME)";
			};
			name = Release;
		};
/* End XCBuildConfiguration section */

/* Begin XCConfigurationList section */
		46FA2C151FD2F3A100B13304 /* Build configuration list for PBXProject "PCM_Demo" */ = {
			isa = XCConfigurationList;
			buildConfigurations = (
				46FA2C1F1FD2F3A100B13304 /* Debug */,
				46FA2C201FD2F3A100B13304 /* Release */,
			);
			defaultConfigurationIsVisible = 0;
			defaultConfigurationName = Release;
		};
		46FA2C211FD2F3A100B13304 /* Build configuration list for PBXNativeTarget "PCM_Demo" */ = {
			isa = XCConfigurationList;
			buildConfigurations = (
				46FA2C221FD2F3A100B13304 /* Debug */,
				46FA2C231FD2F3A100B13304 /* Release */,
			);
			defaultConfigurationIsVisible = 0;
			defaultConfigurationName = Release;
		};
/* End XCConfigurationList section */
	};
	rootObject = 46FA2C121FD2F3A100B13304 /* Project object */;
}
